
Microsoft Visual Studio Solution File, Format Version 12.00
# Visual Studio 14
VisualStudioVersion = 14.0.25420.1
MinimumVisualStudioVersion = 10.0.40219.1
Project("{FAE04EC0-301F-11D3-BF4B-00C04F79EFBC}") = "CoffeMachine.WebApi", "CoffeMachine.WebApi\CoffeMachine.WebApi.csproj", "{F78018D8-DFD7-49F8-B7D8-E6FC8D871C41}"
EndProject
Project("{FAE04EC0-301F-11D3-BF4B-00C04F79EFBC}") = "CoffeMachine.WebApi.Tests", "CoffeMachine.WebApi.Tests\CoffeMachine.WebApi.Tests.csproj", "{59984ECF-922A-4A23-89A5-0A40179148CA}"
EndProject
Project("{FAE04EC0-301F-11D3-BF4B-00C04F79EFBC}") = "CoffeeMachine.Models", "CoffeeMachine.Models\CoffeeMachine.Models.csproj", "{9CAE1E04-4B1F-4CA9-90BD-1A72A851D337}"
EndProject
Project("{FAE04EC0-301F-11D3-BF4B-00C04F79EFBC}") = "CoffeeMachine.GetWay", "CoffeeMachine.GetWay\CoffeeMachine.GetWay.csproj", "{133234E3-7F8E-497B-B936-34FBCAEA910A}"
EndProject
Global
	GlobalSection(SolutionConfigurationPlatforms) = preSolution
		Debug|Any CPU = Debug|Any CPU
		Release|Any CPU = Release|Any CPU
	EndGlobalSection
	GlobalSection(ProjectConfigurationPlatforms) = postSolution
		{F78018D8-DFD7-49F8-B7D8-E6FC8D871C41}.Debug|Any CPU.ActiveCfg = Debug|Any CPU
		{F78018D8-DFD7-49F8-B7D8-E6FC8D871C41}.Debug|Any CPU.Build.0 = Debug|Any CPU
		{F78018D8-DFD7-49F8-B7D8-E6FC8D871C41}.Release|Any CPU.ActiveCfg = Release|Any CPU
		{F78018D8-DFD7-49F8-B7D8-E6FC8D871C41}.Release|Any CPU.Build.0 = Release|Any CPU
		{59984ECF-922A-4A23-89A5-0A40179148CA}.Debug|Any CPU.ActiveCfg = Debug|Any CPU
		{59984ECF-922A-4A23-89A5-0A40179148CA}.Debug|Any CPU.Build.0 = Debug|Any CPU
		{59984ECF-922A-4A23-89A5-0A40179148CA}.Release|Any CPU.ActiveCfg = Release|Any CPU
		{59984ECF-922A-4A23-89A5-0A40179148CA}.Release|Any CPU.Build.0 = Release|Any CPU
		{9CAE1E04-4B1F-4CA9-90BD-1A72A851D337}.Debug|Any CPU.ActiveCfg = Debug|Any CPU
		{9CAE1E04-4B1F-4CA9-90BD-1A72A851D337}.Debug|Any CPU.Build.0 = Debug|Any CPU
		{9CAE1E04-4B1F-4CA9-90BD-1A72A851D337}.Release|Any CPU.ActiveCfg = Release|Any CPU
		{9CAE1E04-4B1F-4CA9-90BD-1A72A851D337}.Release|Any CPU.Build.0 = Release|Any CPU
		{133234E3-7F8E-497B-B936-34FBCAEA910A}.Debug|Any CPU.ActiveCfg = Debug|Any CPU
		{133234E3-7F8E-497B-B936-34FBCAEA910A}.Debug|Any CPU.Build.0 = Debug|Any CPU
		{133234E3-7F8E-497B-B936-34FBCAEA910A}.Release|Any CPU.ActiveCfg = Release|Any CPU
		{133234E3-7F8E-497B-B936-34FBCAEA910A}.Release|Any CPU.Build.0 = Release|Any CPU
	EndGlobalSection
	GlobalSection(SolutionProperties) = preSolution
		HideSolutionNode = FALSE
	EndGlobalSection
EndGlobal
